
Microsoft Visual Studio Solution File, Format Version 12.00
# Visual Studio Version 17
VisualStudioVersion = 17.0.32112.339
MinimumVisualStudioVersion = 10.0.40219.1
Project("{9A19103F-16F7-4668-BE54-9A1E7A4F7556}") = "CoffeeMaker", "src\CoffeeMaker\CoffeeMaker.csproj", "{FD04110C-929E-4176-A2A5-281E72C4760F}"
EndProject
Project("{9A19103F-16F7-4668-BE54-9A1E7A4F7556}") = "CoffeeMakerTest", "test\CoffeeMakerTest\CoffeeMakerTest.csproj", "{DDEC45A0-E388-437E-89AE-04EFCA320F54}"
EndProject
Global
	GlobalSection(SolutionConfigurationPlatforms) = preSolution
		Debug|Any CPU = Debug|Any CPU
		Release|Any CPU = Release|Any CPU
	EndGlobalSection
	GlobalSection(ProjectConfigurationPlatforms) = postSolution
		{FD04110C-929E-4176-A2A5-281E72C4760F}.Debug|Any CPU.ActiveCfg = Debug|Any CPU
		{FD04110C-929E-4176-A2A5-281E72C4760F}.Debug|Any CPU.Build.0 = Debug|Any CPU
		{FD04110C-929E-4176-A2A5-281E72C4760F}.Release|Any CPU.ActiveCfg = Release|Any CPU
		{FD04110C-929E-4176-A2A5-281E72C4760F}.Release|Any CPU.Build.0 = Release|Any CPU
		{DDEC45A0-E388-437E-89AE-04EFCA320F54}.Debug|Any CPU.ActiveCfg = Debug|Any CPU
		{DDEC45A0-E388-437E-89AE-04EFCA320F54}.Debug|Any CPU.Build.0 = Debug|Any CPU
		{DDEC45A0-E388-437E-89AE-04EFCA320F54}.Release|Any CPU.ActiveCfg = Release|Any CPU
		{DDEC45A0-E388-437E-89AE-04EFCA320F54}.Release|Any CPU.Build.0 = Release|Any CPU
	EndGlobalSection
	GlobalSection(SolutionProperties) = preSolution
		HideSolutionNode = FALSE
	EndGlobalSection
	GlobalSection(ExtensibilityGlobals) = postSolution
		SolutionGuid = {82EBACA8-4F5E-44AA-A9BC-9CE3EFF1DCEC}
	EndGlobalSection
EndGlobal
